
Microsoft Visual Studio Solution File, Format Version 12.00
# Visual Studio Version 17
VisualStudioVersion = 17.11.35219.272
MinimumVisualStudioVersion = 10.0.40219.1
Project("{FAE04EC0-301F-11D3-BF4B-00C04F79EFBC}") = "Ecommerce", "Ecommerce\Ecommerce.csproj", "{544E8A3B-653D-48E3-AED4-202B015B0867}"
EndProject
Global
	GlobalSection(SolutionConfigurationPlatforms) = preSolution
		Debug|Any CPU = Debug|Any CPU
		Release|Any CPU = Release|Any CPU
	EndGlobalSection
	GlobalSection(ProjectConfigurationPlatforms) = postSolution
		{544E8A3B-653D-48E3-AED4-202B015B0867}.Debug|Any CPU.ActiveCfg = Debug|Any CPU
		{544E8A3B-653D-48E3-AED4-202B015B0867}.Debug|Any CPU.Build.0 = Debug|Any CPU
		{544E8A3B-653D-48E3-AED4-202B015B0867}.Release|Any CPU.ActiveCfg = Release|Any CPU
		{544E8A3B-653D-48E3-AED4-202B015B0867}.Release|Any CPU.Build.0 = Release|Any CPU
	EndGlobalSection
	GlobalSection(SolutionProperties) = preSolution
		HideSolutionNode = FALSE
	EndGlobalSection
	GlobalSection(ExtensibilityGlobals) = postSolution
		SolutionGuid = {2F8EB62E-4884-4ECC-920F-B2D62EE74BF6}
	EndGlobalSection
EndGlobal
